{
  "lockfileVersion": 2,
  "configVersion": 1,
  "workspaces": {
    "": {
      "devDependencies": {
        "@rspack/cli": "latest",
        "@rspack/core": "latest",
        "@rspack/dev-server": "latest",
        "carbon-components-svelte": "latest",
        "carbon-preprocess-svelte": "link:carbon-preprocess-svelte",
        "svelte": "^5.57.1",
        "svelte-loader": "latest",
        "svelte-preprocess": "latest",
        "typescript": "^6.0.3",
      },
    },
  },
  "packages": {
    "@emnapi/core": ["@emnapi/core@1.11.3", "", { "dependencies": { "@emnapi/wasi-threads": "1.2.3", "tslib": "^2.4.0" } }, "sha512-zLpS5asjEb7lq8jYLq37N6XKaE41DIexlY1rF/z4/tIl3wo13Sqm28fRyfIsKZD+NZ8mM5RoKkpW/rBcuoSZSg=="],

    "@emnapi/runtime": ["@emnapi/runtime@1.11.3", "", { "dependencies": { "tslib": "^2.4.0" } }, "sha512-Xz4Tpyki7XyrpbUK1jR1AhdAdaXyhhY4lZ3neLodmhpuWfy2PAQN5B46sAiU4liOXGLkHypn/qU+jvfWSCYYLA=="],

    "@emnapi/wasi-threads": ["@emnapi/wasi-threads@1.2.3", "", { "dependencies": { "tslib": "^2.4.0" } }, "sha512-ELEBe8PsLvvJ6QMr0zLt8ffvOHW/dc1m3CEzNMg7aJUv3bMaoDtw2TXyDAwkYBuroxxuHEwhRTLJSe5sya547g=="],

    "@ibm/telemetry-js": ["@ibm/telemetry-js@1.11.0", "", { "bin": { "ibmtelemetry": "dist/collect.js" } }, "sha512-RO/9j+URJnSfseWg9ZkEX9p+a3Ousd33DBU7rOafoZB08RqdzxFVYJ2/iM50dkBuD0o7WX7GYt1sLbNgCoE+pA=="],

    "@jridgewell/gen-mapping": ["@jridgewell/gen-mapping@0.3.13", "", { "dependencies": { "@jridgewell/sourcemap-codec": "^1.5.0", "@jridgewell/trace-mapping": "^0.3.24" } }, "sha512-2kkt/7niJ6MgEPxF0bYdQ6etZaA+fQvDcLKckhy1yIQOzaoKjBBjSj63/aLVjYE3qhRt5dvM+uUyfCg6UKCBbA=="],

    "@jridgewell/remapping": ["@jridgewell/remapping@2.3.5", "", { "dependencies": { "@jridgewell/gen-mapping": "^0.3.5", "@jridgewell/trace-mapping": "^0.3.24" } }, "sha512-LI9u/+laYG4Ds1TDKSJW2YPrIlcVYOwi2fUC6xB43lueCjgxV4lffOCZCtYFiH6TNOX+tQKXx97T4IKHbhyHEQ=="],

    "@jridgewell/resolve-uri": ["@jridgewell/resolve-uri@3.1.2", "", {}, "sha512-bRISgCIjP20/tbWSPWMEi54QVPRZExkuD9lJL+UIxUKtwVJA8wW1Trb1jMs1RFXo1CBTNZ/5hpC9QvmKWdopKw=="],

    "@jridgewell/sourcemap-codec": ["@jridgewell/sourcemap-codec@1.6.0", "", {}, "sha512-T7jf+5zgsZHwNJ4lvQ7/aezbyk0nNX+zJVWpmHA7VYsEx7a7qr5Rg5IbtJFqkgze5Y2sruq1RUY8Q837Od7iFw=="],

    "@jridgewell/trace-mapping": ["@jridgewell/trace-mapping@0.3.31", "", { "dependencies": { "@jridgewell/resolve-uri": "^3.1.0", "@jridgewell/sourcemap-codec": "^1.4.14" } }, "sha512-zzNR+SdQSDJzc8joaeP8QQoCQr8NuYx2dIIytl1QeBEZHJ9uW6hebsrYgbz8hJwUQao3TWCMtmfV8Nu1twOLAw=="],

    "@napi-rs/wasm-runtime": ["@napi-rs/wasm-runtime@1.1.6", "", { "dependencies": { "@tybys/wasm-util": "^0.10.3" }, "peerDependencies": { "@emnapi/core": "^1.7.1", "@emnapi/runtime": "^1.7.1" } }, "sha512-ZLv/JdUfkvOy9eCnnBaGfiO+XimbjebAeO+MRQqD/B+FR1tnRN0tpKSJHRbE8sFfS6aqsXZ67TQjfwfsxULVbg=="],

    "@rspack/binding": ["@rspack/binding@2.2.7", "", { "optionalDependencies": { "@rspack/binding-darwin-arm64": "2.2.7", "@rspack/binding-darwin-x64": "2.2.7", "@rspack/binding-linux-arm64-gnu": "2.2.7", "@rspack/binding-linux-arm64-musl": "2.2.7", "@rspack/binding-linux-ppc64-gnu": "2.2.7", "@rspack/binding-linux-riscv64-gnu": "2.2.7", "@rspack/binding-linux-riscv64-musl": "2.2.7", "@rspack/binding-linux-s390x-gnu": "2.2.7", "@rspack/binding-linux-x64-gnu": "2.2.7", "@rspack/binding-linux-x64-musl": "2.2.7", "@rspack/binding-wasm32-wasi": "2.2.7", "@rspack/binding-win32-arm64-msvc": "2.2.7", "@rspack/binding-win32-ia32-msvc": "2.2.7", "@rspack/binding-win32-x64-msvc": "2.2.7" } }, "sha512-opY7Sw6iwtBa23CeNj18GOqKBlaJUZXp52kNIGyNq+7jpCQKrJYeX5wiK7uBn8/ZpHQfhwNL2xxu5yzG4JFH1g=="],

    "@rspack/binding-darwin-arm64": ["@rspack/binding-darwin-arm64@2.2.7", "", { "os": "darwin", "cpu": "arm64" }, "sha512-m0ijteZwZfUZeFcbyxwTe6N+I7aceV5/iW39b7fIIoMN/mSv9zL0ieeRzwuFe7mTYGwCuwNieDZHXfMFdp2Q2w=="],

    "@rspack/binding-darwin-x64": ["@rspack/binding-darwin-x64@2.2.7", "", { "os": "darwin", "cpu": "x64" }, "sha512-f27/OubIeCe5Hzze1bm+k/CQ2XX9hk3E/FuK4lym1bjqZ9spWSuolC3sK/yU/Pc3kwMPuf53byUm3FM+QC/blw=="],

    "@rspack/binding-linux-arm64-gnu": ["@rspack/binding-linux-arm64-gnu@2.2.7", "", { "os": "linux", "cpu": "arm64" }, "sha512-uGEX6kY/Pi3wPZgaEk6vTevZOHjKw8qmd5pqWVwRmpLhwvPB7LGqVqx5BMnNYBjsndVUWJQQRlGL8DoVG5IXXQ=="],

    "@rspack/binding-linux-arm64-musl": ["@rspack/binding-linux-arm64-musl@2.2.7", "", { "os": "linux", "cpu": "arm64" }, "sha512-qBvztXsOgdi69zi8BhIUz+yc/alqR/wQVmcdCh+1SbhcsNpMsFUndxvVoR1tOboBsEo//gxOG4GxH8zlemhbUA=="],

    "@rspack/binding-linux-ppc64-gnu": ["@rspack/binding-linux-ppc64-gnu@2.2.7", "", { "os": "linux", "cpu": "ppc64" }, "sha512-t+/tOPoMu3ZZF8I1Wvqd4Jrib1teOOgb0S4jGb4nSVryuDIWgjny0FLGv5xc8RC7e4esVF93D4wF62Kt9Pxfvw=="],

    "@rspack/binding-linux-riscv64-gnu": ["@rspack/binding-linux-riscv64-gnu@2.2.7", "", { "os": "linux", "cpu": "none" }, "sha512-ZkN6K4PRTPqfYI7gPYv1PqgUXKsZDeeFPFoQ4LLiFxhIGczdJY5XAPPoHN+N7d91hAGWi6u+UHYrUp1HvudBOw=="],

    "@rspack/binding-linux-riscv64-musl": ["@rspack/binding-linux-riscv64-musl@2.2.7", "", { "os": "linux", "cpu": "none" }, "sha512-ywcmeNAC59HtVJ4a5jy5cEUA4JNa19QlVtTW09Pzh0+luNEasWaDfOaXJpYJTGWcycVwzMm3A9aNN3MqvO87EQ=="],

    "@rspack/binding-linux-s390x-gnu": ["@rspack/binding-linux-s390x-gnu@2.2.7", "", { "os": "linux", "cpu": "s390x" }, "sha512-U/np+nOj9mka5CdM9FKNkrAShw0UoaarBLzOxbBHu4sqMt3iXQCi91fblLdhUDoWuIQrnV/WrqygFeIP2qAHIw=="],

    "@rspack/binding-linux-x64-gnu": ["@rspack/binding-linux-x64-gnu@2.2.7", "", { "os": "linux", "cpu": "x64" }, "sha512-PkryZX3GZeBQfzvKEhwGGd9m43PwqcsqWd14kmsVADeBCqHLxJahMGiGmajd28vSa42xbw7HTb8yY4jXzv5QtA=="],

    "@rspack/binding-linux-x64-musl": ["@rspack/binding-linux-x64-musl@2.2.7", "", { "os": "linux", "cpu": "x64" }, "sha512-atJn62IgXnc/RhWiFgEiNx7IHAJbHunttzjMpWJLjWiFuJ2c+tLQrTBIiqO3VAIXh+haN1jZLHXuMVj5/J+edA=="],

    "@rspack/binding-wasm32-wasi": ["@rspack/binding-wasm32-wasi@2.2.7", "", { "dependencies": { "@emnapi/core": "1.11.3", "@emnapi/runtime": "1.11.3", "@napi-rs/wasm-runtime": "1.1.6" }, "cpu": "none" }, "sha512-SRDYrqWnD8Y+VNj8+11KggFaVMFSbyu+9WC2f9sygzjFu78GmF0kLKaHNQMaJv6MUMSBk/OhtEbUB4hmH7czVQ=="],

    "@rspack/binding-win32-arm64-msvc": ["@rspack/binding-win32-arm64-msvc@2.2.7", "", { "os": "win32", "cpu": "arm64" }, "sha512-etHFjzSP/jnnrVYuim9C/nhSlN0/tQowVz0CSJOUHtDH7ZZiUsvWtkH9Zx3tDaZOB7sAw9cbL36mbmdkb4U6cw=="],

    "@rspack/binding-win32-ia32-msvc": ["@rspack/binding-win32-ia32-msvc@2.2.7", "", { "os": "win32", "cpu": "ia32" }, "sha512-26HiMUQk8QKVw477gW9HorIQ3r0le3AL4OFigJr1/HAumi5qyOPazck+wWtUDh1R9bSf8etZjkuseBGtjN5+KQ=="],

    "@rspack/binding-win32-x64-msvc": ["@rspack/binding-win32-x64-msvc@2.2.7", "", { "os": "win32", "cpu": "x64" }, "sha512-ut8tVSXP8DWQE/JUwQ1oqwuAaAgySgYF66HpWmxfR9J4nLzGmhd7CnnaCTT3vUyQQNmLKFida/AbiqJ/gWmPrw=="],

    "@rspack/cli": ["@rspack/cli@2.2.7", "", { "peerDependencies": { "@rspack/core": "^2.0.0-0", "@rspack/dev-server": "^2.0.0-0" }, "optionalPeers": ["@rspack/dev-server"], "bin": { "rspack": "./bin/rspack.js" } }, "sha512-BqMFL4KLtXOSlKaVgu9V7Hjlr7jq7+88BlFvTTBtPz92OZ9Rclr8z41DI7/PqRqjj88ba3gk08fc+lR56EPhZg=="],

    "@rspack/core": ["@rspack/core@2.2.7", "", { "dependencies": { "@rspack/binding": "2.2.7" }, "peerDependencies": { "@module-federation/runtime-tools": "^0.24.1 || ^2.0.0", "@swc/helpers": "^0.5.23" }, "optionalPeers": ["@module-federation/runtime-tools", "@swc/helpers"] }, "sha512-kWKd4lYp13GPAQy2eQITLTvPbl+ST7ffG/MCGHoX138o5eTetMQMe/oc7UAZAfjervAM6UOzEhiiCirPTpRBUQ=="],

    "@rspack/dev-middleware": ["@rspack/dev-middleware@2.0.4", "", { "peerDependencies": { "@rspack/core": "^2.0.0" }, "optionalPeers": ["@rspack/core"] }, "sha512-VCdT8hv9YvMPiBohhukD/OkGB+2GJ7mPRbeuDJ/jIT6hv5gvmJCnydMetJVARh6vXoBtfSHEd2gX78Dqaxh1NQ=="],

    "@rspack/dev-server": ["@rspack/dev-server@2.2.1", "", { "dependencies": { "@rspack/dev-middleware": "^2.0.3" }, "peerDependencies": { "@rspack/core": "^2.0.0", "selfsigned": "^5.0.0" }, "optionalPeers": ["selfsigned"] }, "sha512-Il8HbYGK3rH5rM0XmUOsOGZVw69BKRpBZ61P28Fy8ry35CtfniDBWtbo/rvJtIT/sK0qwijmNrhF498ltsV+uA=="],

    "@sveltejs/acorn-typescript": ["@sveltejs/acorn-typescript@1.0.13", "", { "peerDependencies": { "acorn": "^8.9.0" } }, "sha512-wgKggnhZVL9Bfx1OaKKTrYY9BFRk6C8UAkQNUcIv1+llzYrIqy+RZm5HPKzn0NpEBvTVhTqB4kQyllZywsRBRQ=="],

    "@tybys/wasm-util": ["@tybys/wasm-util@0.10.4", "", { "dependencies": { "tslib": "^2.4.0" } }, "sha512-W3c4gRigFS0T/Ma4qIYF3GDAc5AQdHb1yL5znJT1Zv1YaD9Kitx656wBjvr19qbiosmZT8lWDM5BEMynUqX65A=="],

    "@types/estree": ["@types/estree@1.0.9", "", {}, "sha512-GhdPgy1el4/ImP05X05Uw4cw2/M93BCUmnEvWZNStlCzEKME4Fkk+YpoA5OiHNQmoS7Cafb8Xa3Pya8m1Qrzeg=="],

    "acorn": ["acorn@8.18.0", "", { "bin": { "acorn": "bin/acorn" } }, "sha512-lGq+9yr1/GuAWaVYIHRjvvySG5/4VfKIvC8EWxStPdcDh/Ka7FG3twP6v4d5BkravUilhIAsG4Qj83t02LWUPQ=="],

    "aria-query": ["aria-query@5.3.1", "", {}, "sha512-Z/ZeOgVl7bcSYZ/u/rh0fOpvEpq//LZmdbkXyc7syVzjPAhfOa9ebsdTSjEBDU4vs5nC98Kfduj1uFo0qyET3g=="],

    "axobject-query": ["axobject-query@4.1.0", "", {}, "sha512-qIj0G9wZbMGNLjLmg1PT6v2mE9AH2zlnADJD/2tC6E00hgmhUOfEB6greHPAfLRSufHqROIUTkw6E+M3lH0PTQ=="],

    "big.js": ["big.js@5.2.2", "", {}, "sha512-vyL2OymJxmarO8gxMr0mhChsO9QGwhynfuu4+MHTAW6czfq9humCB7rKpUjDd9YUiDPU4mzpyupFSvOClAwbmQ=="],

    "carbon-components-svelte": ["carbon-components-svelte@0.112.1", "", { "dependencies": { "@ibm/telemetry-js": "^1.5.0", "flatpickr": "4.6.9" } }, "sha512-XziZ4Npwli6kY6IJ5LA0jbrqwpcPueEDAerW3Qx2ww8J1j3r+C8dys14yYX+RZABUReFEYfRlHlxCnFeI3/CAg=="],

    "carbon-preprocess-svelte": ["carbon-preprocess-svelte@link:carbon-preprocess-svelte", { "bin": { "carbon-preprocess-svelte": "./dist/cli.js" } }],

    "clsx": ["clsx@2.1.1", "", {}, "sha512-eYm0QWBtUrBWZWG0d386OGAw16Z995PiOVo2B7bjWSbHedGl5e0ZWaq65kOGgUSNesEIDkB9ISbTg/JK9dhCZA=="],

    "devalue": ["devalue@5.9.4", "", {}, "sha512-sPAT4pztbu6586/hrhOnMKS17IJrvg12mXiSPSS3W5qDeN2RGgvZ0diZCm31dBbnevfVmujNO3IM2wrS4Y2Rhg=="],

    "emojis-list": ["emojis-list@3.0.0", "", {}, "sha512-/kyM18EfinwXZbno9FyUGeFh87KC8HRQBQGildHZbEuRyWFOmv1U10o9BBp8XVZDVNNuQKyIGIu5ZYAAXJ0V2Q=="],

    "esm-env": ["esm-env@1.2.2", "", {}, "sha512-Epxrv+Nr/CaL4ZcFGPJIYLWFom+YeV1DqMLHJoEd9SYRxNbaFruBwfEX/kkHUJf55j2+TUbmDcmuilbP1TmXHA=="],

    "esrap": ["esrap@2.4.0", "", { "dependencies": { "@jridgewell/sourcemap-codec": "^1.4.15" }, "peerDependencies": { "@typescript-eslint/types": "^8.2.0" }, "optionalPeers": ["@typescript-eslint/types"] }, "sha512-CQPcneEHw/czj32uwQC52nYnax8H4SXt25FCM+LIwGZ49cMIxpOj3bP8wmzcI+Z0HIy5KkClaPhRLfCySzwHPA=="],

    "flatpickr": ["flatpickr@4.6.9", "", {}, "sha512-F0azNNi8foVWKSF+8X+ZJzz8r9sE1G4hl06RyceIaLvyltKvDl6vqk9Lm/6AUUCi5HWaIjiUbk7UpeE/fOXOpw=="],

    "is-reference": ["is-reference@3.0.3", "", { "dependencies": { "@types/estree": "^1.0.6" } }, "sha512-ixkJoqQvAP88E6wLydLGGqCJsrFUnqoH6HnaczB8XmDH1oaWU+xxdptvikTgaEhtZ53Ky6YXiBuUI2WXLMCwjw=="],

    "json5": ["json5@2.2.3", "", { "bin": { "json5": "lib/cli.js" } }, "sha512-XmOWe7eyHYH14cLdVPoyg+GOH3rYX++KpzrylJwSW98t3Nk+U8XOl8FWKOgwtzdb8lXGf6zYwDUzeHMWfxasyg=="],

    "loader-utils": ["loader-utils@2.0.4", "", { "dependencies": { "big.js": "^5.2.2", "emojis-list": "^3.0.0", "json5": "^2.1.2" } }, "sha512-xXqpXoINfFhgua9xiqD8fPFHgkoq1mmmpE92WlDbm9rNRd/EbRb+Gqf908T2DMfuHjjJlksiK2RbHVOdD/MqSw=="],

    "locate-character": ["locate-character@3.0.0", "", {}, "sha512-SW13ws7BjaeJ6p7Q6CO2nchbYEc3X3J6WrmTTDto7yMPqVSZTUyY5Tjbid+Ab8gLnATtygYtiDIJGQRRn2ZOiA=="],

    "magic-string": ["magic-string@0.30.21", "", { "dependencies": { "@jridgewell/sourcemap-codec": "^1.5.5" } }, "sha512-vd2F4YUyEXKGcLHoq+TEyCjxueSeHnFxyyjNp80yg0XV4vUhnDer/lvvlqM/arB5bXQN5K2/3oinyCRyx8T2CQ=="],

    "svelte": ["svelte@5.57.1", "", { "dependencies": { "@jridgewell/remapping": "^2.3.5", "@jridgewell/sourcemap-codec": "^1.6.0", "@sveltejs/acorn-typescript": "^1.0.13", "@types/estree": "^1.0.9", "acorn": "^8.18.0", "aria-query": "5.3.1", "axobject-query": "^4.1.0", "clsx": "^2.1.1", "devalue": "^5.9.2", "esm-env": "^1.2.1", "esrap": "^2.3.6", "is-reference": "^3.0.3", "locate-character": "^3.0.0", "magic-string": "^0.30.11", "zimmerframe": "^1.1.2" } }, "sha512-Uqj49lWKB+iSSnneuwiYYJ7MZgkB+eXr0LXBhv4uDuAkXqnWmq65Sxflfvp0Lc6MdKjMUxGaeOKWJqz5SNiVIA=="],

    "svelte-dev-helper": ["svelte-dev-helper@1.1.9", "", {}, "sha512-oU+Xv7Dl4kRU2kdFjsoPLfJfnt5hUhsFUZtuzI3Ku/f2iAFZqBoEuXOqK3N9ngD4dxQOmN4OKWPHVi3NeAeAfQ=="],

    "svelte-hmr": ["svelte-hmr@0.14.12", "", { "peerDependencies": { "svelte": ">=3.19.0" } }, "sha512-4QSW/VvXuqVcFZ+RhxiR8/newmwOCTlbYIezvkeN6302YFRE8cXy0naamHcjz8Y9Ce3ITTZtrHrIL0AGfyo61w=="],

    "svelte-loader": ["svelte-loader@3.2.4", "", { "dependencies": { "loader-utils": "^2.0.4", "svelte-dev-helper": "^1.1.9", "svelte-hmr": "^0.14.2" }, "peerDependencies": { "svelte": "^3.0.0 || ^4.0.0-next.0 || ^5.0.0-next.1" } }, "sha512-e0HdDnkYH/MDx4/IfTSka5AOFg9yYJcPuoZJB5x0l60fkHjVjNvrrxr+rJegDG9J7ZymmdHt00/hdLw+QF299w=="],

    "svelte-preprocess": ["svelte-preprocess@6.0.5", "", { "peerDependencies": { "@babel/core": "^7.10.2", "coffeescript": "^2.5.1", "less": "^3.11.3 || ^4.0.0", "postcss": "^7 || ^8", "postcss-load-config": ">=3", "pug": "^3.0.0", "sass": "^1.26.8", "stylus": ">=0.55", "sugarss": "^2.0.0 || ^3.0.0 || ^4.0.0", "svelte": "^4.0.0 || ^5.0.0-next.100 || ^5.0.0", "typescript": "^5.0.0 || ^6.0.0" }, "optionalPeers": ["@babel/core", "coffeescript", "less", "postcss", "postcss-load-config", "pug", "sass", "stylus", "sugarss", "typescript"] }, "sha512-sgwew5yV/2eMeQobIWgAxCNarKwiTUDIc3siAUbq3sp0G6ONtzk0W+wJihMdqjbYb3iGU3ubpGv0usnnuXT3qg=="],

    "tslib": ["tslib@2.8.1", "", {}, "sha512-oJFu94HQb+KVduSUQL7wnpmqnfmLsOA/nAh6b6EH0wCEoK0/mPeXU6c3wKDV83MkOuHPRHtSXKKU99IBazS/2w=="],

    "typescript": ["typescript@6.0.3", "", { "bin": { "tsc": "bin/tsc", "tsserver": "bin/tsserver" } }, "sha512-y2TvuxSZPDyQakkFRPZHKFm+KKVqIisdg9/CZwm9ftvKXLP8NRWj38/ODjNbr43SsoXqNuAisEf1GdCxqWcdBw=="],

    "zimmerframe": ["zimmerframe@1.1.5", "", {}, "sha512-msJxIvYDYcoNL+PJsu+7qmpDWsYmAxTY+2TNYXXF0hzBzBk0BMecOqDOG/EckUoKCuKwObfbugIl8QpqHDXeFA=="],
  }
}
